
Microsoft Visual Studio Solution File, Format Version 12.00
# Visual Studio Version 17
VisualStudioVersion = 17.8.34525.116
MinimumVisualStudioVersion = 10.0.40219.1
Project("{FAE04EC0-301F-11D3-BF4B-00C04F79EFBC}") = "api", "api\api.csproj", "{34609B46-89F5-4F0F-9CAC-6DC15FAF3C1B}"
EndProject
Global
	GlobalSection(SolutionConfigurationPlatforms) = preSolution
		Debug|Any CPU = Debug|Any CPU
		Release|Any CPU = Release|Any CPU
	EndGlobalSection
	GlobalSection(ProjectConfigurationPlatforms) = postSolution
		{34609B46-89F5-4F0F-9CAC-6DC15FAF3C1B}.Debug|Any CPU.ActiveCfg = Debug|Any CPU
		{34609B46-89F5-4F0F-9CAC-6DC15FAF3C1B}.Debug|Any CPU.Build.0 = Debug|Any CPU
		{34609B46-89F5-4F0F-9CAC-6DC15FAF3C1B}.Release|Any CPU.ActiveCfg = Release|Any CPU
		{34609B46-89F5-4F0F-9CAC-6DC15FAF3C1B}.Release|Any CPU.Build.0 = Release|Any CPU
	EndGlobalSection
	GlobalSection(SolutionProperties) = preSolution
		HideSolutionNode = FALSE
	EndGlobalSection
	GlobalSection(ExtensibilityGlobals) = postSolution
		SolutionGuid = {A7F42D7A-31EF-429D-AFEB-3FAE46C9F5B3}
	EndGlobalSection
EndGlobal
